// !$*UTF8*$!
{
	archiveVersion = 1;
	classes = {
	};
	objectVersion = 55;
	objects = {

/* Begin PBXBuildFile section */
		4203D13728FA865C00CC86FD /* EpisodesListView.swift in Sources */ = {isa = PBXBuildFile; fileRef = 4203D13628FA865C00CC86FD /* EpisodesListView.swift */; };
		420C665428F54A7600F395B5 /* LazyView.swift in Sources */ = {isa = PBXBuildFile; fileRef = 420C665328F54A7600F395B5 /* LazyView.swift */; };
		420C665628F54AB300F395B5 /* FirstAppearModifier.swift in Sources */ = {isa = PBXBuildFile; fileRef = 420C665528F54AB300F395B5 /* FirstAppearModifier.swift */; };
		422F7D1328CE71E1006D320F /* iosAppApp.swift in Sources */ = {isa = PBXBuildFile; fileRef = 422F7D1228CE71E1006D320F /* iosAppApp.swift */; };
		422F7D1528CE71E1006D320F /* ContentView.swift in Sources */ = {isa = PBXBuildFile; fileRef = 422F7D1428CE71E1006D320F /* ContentView.swift */; };
		422F7D1728CE71E3006D320F /* Assets.xcassets in Resources */ = {isa = PBXBuildFile; fileRef = 422F7D1628CE71E3006D320F /* Assets.xcassets */; };
		422F7D1A28CE71E3006D320F /* Preview Assets.xcassets in Resources */ = {isa = PBXBuildFile; fileRef = 422F7D1928CE71E3006D320F /* Preview Assets.xcassets */; };
		422F7D2428CE71E3006D320F /* iosAppTests.swift in Sources */ = {isa = PBXBuildFile; fileRef = 422F7D2328CE71E3006D320F /* iosAppTests.swift */; };
		422F7D2E28CE71E3006D320F /* iosAppUITests.swift in Sources */ = {isa = PBXBuildFile; fileRef = 422F7D2D28CE71E3006D320F /* iosAppUITests.swift */; };
		422F7D3028CE71E3006D320F /* iosAppUITestsLaunchTests.swift in Sources */ = {isa = PBXBuildFile; fileRef = 422F7D2F28CE71E3006D320F /* iosAppUITestsLaunchTests.swift */; };
		422F7D3D28CE76BF006D320F /* BlocHolder.swift in Sources */ = {isa = PBXBuildFile; fileRef = 422F7D3C28CE76BF006D320F /* BlocHolder.swift */; };
		422F7D3F28CE76EC006D320F /* MutableStateBuilder.swift in Sources */ = {isa = PBXBuildFile; fileRef = 422F7D3E28CE76EC006D320F /* MutableStateBuilder.swift */; };
		422F7D4128CE7702006D320F /* ObservableValue.swift in Sources */ = {isa = PBXBuildFile; fileRef = 422F7D4028CE7702006D320F /* ObservableValue.swift */; };
		422F7D4B28CE78CC006D320F /* VisualEffectView.swift in Sources */ = {isa = PBXBuildFile; fileRef = 422F7D4A28CE78CC006D320F /* VisualEffectView.swift */; };
		422F7D4D28CE7932006D320F /* CharactersView.swift in Sources */ = {isa = PBXBuildFile; fileRef = 422F7D4C28CE7932006D320F /* CharactersView.swift */; };
		4321C71659911DA4DFECBDC9 /* LocationsListView.swift in Sources */ = {isa = PBXBuildFile; fileRef = 4321CBCA21D0C49CBC413620 /* LocationsListView.swift */; };
		E2FC5DBA152B3CB6ECCEC4B7 /* Pods_iosApp.framework in Frameworks */ = {isa = PBXBuildFile; fileRef = 8D233C2D536832732D2DFEE4 /* Pods_iosApp.framework */; };
/* End PBXBuildFile section */

/* Begin PBXContainerItemProxy section */
		422F7D2028CE71E3006D320F /* PBXContainerItemProxy */ = {
			isa = PBXContainerItemProxy;
			containerPortal = 422F7D0728CE71E1006D320F /* Project object */;
			proxyType = 1;
			remoteGlobalIDString = 422F7D0E28CE71E1006D320F;
			remoteInfo = iosApp;
		};
		422F7D2A28CE71E3006D320F /* PBXContainerItemProxy */ = {
			isa = PBXContainerItemProxy;
			containerPortal = 422F7D0728CE71E1006D320F /* Project object */;
			proxyType = 1;
			remoteGlobalIDString = 422F7D0E28CE71E1006D320F;
			remoteInfo = iosApp;
		};
/* End PBXContainerItemProxy section */

/* Begin PBXFileReference section */
		4203D13628FA865C00CC86FD /* EpisodesListView.swift */ = {isa = PBXFileReference; lastKnownFileType = sourcecode.swift; path = EpisodesListView.swift; sourceTree = "<group>"; };
		420C665328F54A7600F395B5 /* LazyView.swift */ = {isa = PBXFileReference; lastKnownFileType = sourcecode.swift; path = LazyView.swift; sourceTree = "<group>"; };
		420C665528F54AB300F395B5 /* FirstAppearModifier.swift */ = {isa = PBXFileReference; lastKnownFileType = sourcecode.swift; path = FirstAppearModifier.swift; sourceTree = "<group>"; };
		422F7D0F28CE71E1006D320F /* Rick & Morty.app */ = {isa = PBXFileReference; explicitFileType = wrapper.application; includeInIndex = 0; path = "Rick & Morty.app"; sourceTree = BUILT_PRODUCTS_DIR; };
		422F7D1228CE71E1006D320F /* iosAppApp.swift */ = {isa = PBXFileReference; lastKnownFileType = sourcecode.swift; path = iosAppApp.swift; sourceTree = "<group>"; };
		422F7D1428CE71E1006D320F /* ContentView.swift */ = {isa = PBXFileReference; lastKnownFileType = sourcecode.swift; path = ContentView.swift; sourceTree = "<group>"; };
		422F7D1628CE71E3006D320F /* Assets.xcassets */ = {isa = PBXFileReference; lastKnownFileType = folder.assetcatalog; path = Assets.xcassets; sourceTree = "<group>"; };
		422F7D1928CE71E3006D320F /* Preview Assets.xcassets */ = {isa = PBXFileReference; lastKnownFileType = folder.assetcatalog; path = "Preview Assets.xcassets"; sourceTree = "<group>"; };
		422F7D1F28CE71E3006D320F /* iosAppTests.xctest */ = {isa = PBXFileReference; explicitFileType = wrapper.cfbundle; includeInIndex = 0; path = iosAppTests.xctest; sourceTree = BUILT_PRODUCTS_DIR; };
		422F7D2328CE71E3006D320F /* iosAppTests.swift */ = {isa = PBXFileReference; lastKnownFileType = sourcecode.swift; path = iosAppTests.swift; sourceTree = "<group>"; };
		422F7D2928CE71E3006D320F /* iosAppUITests.xctest */ = {isa = PBXFileReference; explicitFileType = wrapper.cfbundle; includeInIndex = 0; path = iosAppUITests.xctest; sourceTree = BUILT_PRODUCTS_DIR; };
		422F7D2D28CE71E3006D320F /* iosAppUITests.swift */ = {isa = PBXFileReference; lastKnownFileType = sourcecode.swift; path = iosAppUITests.swift; sourceTree = "<group>"; };
		422F7D2F28CE71E3006D320F /* iosAppUITestsLaunchTests.swift */ = {isa = PBXFileReference; lastKnownFileType = sourcecode.swift; path = iosAppUITestsLaunchTests.swift; sourceTree = "<group>"; };
		422F7D3C28CE76BF006D320F /* BlocHolder.swift */ = {isa = PBXFileReference; lastKnownFileType = sourcecode.swift; path = BlocHolder.swift; sourceTree = "<group>"; };
		422F7D3E28CE76EC006D320F /* MutableStateBuilder.swift */ = {isa = PBXFileReference; lastKnownFileType = sourcecode.swift; path = MutableStateBuilder.swift; sourceTree = "<group>"; };
		422F7D4028CE7702006D320F /* ObservableValue.swift */ = {isa = PBXFileReference; lastKnownFileType = sourcecode.swift; path = ObservableValue.swift; sourceTree = "<group>"; };
		422F7D4A28CE78CC006D320F /* VisualEffectView.swift */ = {isa = PBXFileReference; lastKnownFileType = sourcecode.swift; path = VisualEffectView.swift; sourceTree = "<group>"; };
		422F7D4C28CE7932006D320F /* CharactersView.swift */ = {isa = PBXFileReference; lastKnownFileType = sourcecode.swift; path = CharactersView.swift; sourceTree = "<group>"; };
		4321CBCA21D0C49CBC413620 /* LocationsListView.swift */ = {isa = PBXFileReference; fileEncoding = 4; lastKnownFileType = sourcecode.swift; path = LocationsListView.swift; sourceTree = "<group>"; };
		8D233C2D536832732D2DFEE4 /* Pods_iosApp.framework */ = {isa = PBXFileReference; explicitFileType = wrapper.framework; includeInIndex = 0; path = Pods_iosApp.framework; sourceTree = BUILT_PRODUCTS_DIR; };
		9B6974DB148C2586423C47BB /* Pods-iosApp.release.xcconfig */ = {isa = PBXFileReference; includeInIndex = 1; lastKnownFileType = text.xcconfig; name = "Pods-iosApp.release.xcconfig"; path = "Target Support Files/Pods-iosApp/Pods-iosApp.release.xcconfig"; sourceTree = "<group>"; };
		D1575ACFAC2F2E3A8A3DE2E5 /* Pods-iosApp.debug.xcconfig */ = {isa = PBXFileReference; includeInIndex = 1; lastKnownFileType = text.xcconfig; name = "Pods-iosApp.debug.xcconfig"; path = "Target Support Files/Pods-iosApp/Pods-iosApp.debug.xcconfig"; sourceTree = "<group>"; };
/* End PBXFileReference section */

/* Begin PBXFrameworksBuildPhase section */
		422F7D0C28CE71E1006D320F /* Frameworks */ = {
			isa = PBXFrameworksBuildPhase;
			buildActionMask = 2147483647;
			files = (
				E2FC5DBA152B3CB6ECCEC4B7 /* Pods_iosApp.framework in Frameworks */,
			);
			runOnlyForDeploymentPostprocessing = 0;
		};
		422F7D1C28CE71E3006D320F /* Frameworks */ = {
			isa = PBXFrameworksBuildPhase;
			buildActionMask = 2147483647;
			files = (
			);
			runOnlyForDeploymentPostprocessing = 0;
		};
		422F7D2628CE71E3006D320F /* Frameworks */ = {
			isa = PBXFrameworksBuildPhase;
			buildActionMask = 2147483647;
			files = (
			);
			runOnlyForDeploymentPostprocessing = 0;
		};
/* End PBXFrameworksBuildPhase section */

/* Begin PBXGroup section */
		3F927CE2987CAB08430F8585 /* Pods */ = {
			isa = PBXGroup;
			children = (
				D1575ACFAC2F2E3A8A3DE2E5 /* Pods-iosApp.debug.xcconfig */,
				9B6974DB148C2586423C47BB /* Pods-iosApp.release.xcconfig */,
			);
			path = Pods;
			sourceTree = "<group>";
		};
		420C664C28E963C400F395B5 /* mvikotlin */ = {
			isa = PBXGroup;
			children = (
				422F7D3C28CE76BF006D320F /* BlocHolder.swift */,
				422F7D3E28CE76EC006D320F /* MutableStateBuilder.swift */,
				422F7D4028CE7702006D320F /* ObservableValue.swift */,
				420C665328F54A7600F395B5 /* LazyView.swift */,
				420C665528F54AB300F395B5 /* FirstAppearModifier.swift */,
			);
			path = mvikotlin;
			sourceTree = "<group>";
		};
		422F7D0628CE71E1006D320F = {
			isa = PBXGroup;
			children = (
				422F7D1128CE71E1006D320F /* iosApp */,
				422F7D2228CE71E3006D320F /* iosAppTests */,
				422F7D2C28CE71E3006D320F /* iosAppUITests */,
				422F7D1028CE71E1006D320F /* Products */,
				3F927CE2987CAB08430F8585 /* Pods */,
				6D547F29B8D133C0176C6C40 /* Frameworks */,
			);
			sourceTree = "<group>";
		};
		422F7D1028CE71E1006D320F /* Products */ = {
			isa = PBXGroup;
			children = (
				422F7D0F28CE71E1006D320F /* Rick & Morty.app */,
				422F7D1F28CE71E3006D320F /* iosAppTests.xctest */,
				422F7D2928CE71E3006D320F /* iosAppUITests.xctest */,
			);
			name = Products;
			sourceTree = "<group>";
		};
		422F7D1128CE71E1006D320F /* iosApp */ = {
			isa = PBXGroup;
			children = (
				420C664C28E963C400F395B5 /* mvikotlin */,
				422F7D4228CE7726006D320F /* views */,
				422F7D1228CE71E1006D320F /* iosAppApp.swift */,
				422F7D1428CE71E1006D320F /* ContentView.swift */,
				422F7D1628CE71E3006D320F /* Assets.xcassets */,
				422F7D1828CE71E3006D320F /* Preview Content */,
			);
			path = iosApp;
			sourceTree = "<group>";
		};
		422F7D1828CE71E3006D320F /* Preview Content */ = {
			isa = PBXGroup;
			children = (
				422F7D1928CE71E3006D320F /* Preview Assets.xcassets */,
			);
			path = "Preview Content";
			sourceTree = "<group>";
		};
		422F7D2228CE71E3006D320F /* iosAppTests */ = {
			isa = PBXGroup;
			children = (
				422F7D2328CE71E3006D320F /* iosAppTests.swift */,
			);
			path = iosAppTests;
			sourceTree = "<group>";
		};
		422F7D2C28CE71E3006D320F /* iosAppUITests */ = {
			isa = PBXGroup;
			children = (
				422F7D2D28CE71E3006D320F /* iosAppUITests.swift */,
				422F7D2F28CE71E3006D320F /* iosAppUITestsLaunchTests.swift */,
			);
			path = iosAppUITests;
			sourceTree = "<group>";
		};
		422F7D4228CE7726006D320F /* views */ = {
			isa = PBXGroup;
			children = (
				422F7D4728CE77FB006D320F /* components */,
				422F7D4C28CE7932006D320F /* CharactersView.swift */,
				4203D13628FA865C00CC86FD /* EpisodesListView.swift */,
				4321CBCA21D0C49CBC413620 /* LocationsListView.swift */,
			);
			path = views;
			sourceTree = "<group>";
		};
		422F7D4728CE77FB006D320F /* components */ = {
			isa = PBXGroup;
			children = (
				422F7D4A28CE78CC006D320F /* VisualEffectView.swift */,
			);
			path = components;
			sourceTree = "<group>";
		};
		6D547F29B8D133C0176C6C40 /* Frameworks */ = {
			isa = PBXGroup;
			children = (
				8D233C2D536832732D2DFEE4 /* Pods_iosApp.framework */,
			);
			name = Frameworks;
			sourceTree = "<group>";
		};
/* End PBXGroup section */

/* Begin PBXNativeTarget section */
		422F7D0E28CE71E1006D320F /* iosApp */ = {
			isa = PBXNativeTarget;
			buildConfigurationList = 422F7D3328CE71E3006D320F /* Build configuration list for PBXNativeTarget "iosApp" */;
			buildPhases = (
				5C68AA9907AF83D05BA13B76 /* [CP] Check Pods Manifest.lock */,
				422F7D0B28CE71E1006D320F /* Sources */,
				422F7D0C28CE71E1006D320F /* Frameworks */,
				422F7D0D28CE71E1006D320F /* Resources */,
				F4C18727FE35FAFBC9C45C1D /* [CP] Embed Pods Frameworks */,
			);
			buildRules = (
			);
			dependencies = (
			);
			name = iosApp;
			productName = iosApp;
			productReference = 422F7D0F28CE71E1006D320F /* Rick & Morty.app */;
			productType = "com.apple.product-type.application";
		};
		422F7D1E28CE71E3006D320F /* iosAppTests */ = {
			isa = PBXNativeTarget;
			buildConfigurationList = 422F7D3628CE71E3006D320F /* Build configuration list for PBXNativeTarget "iosAppTests" */;
			buildPhases = (
				422F7D1B28CE71E3006D320F /* Sources */,
				422F7D1C28CE71E3006D320F /* Frameworks */,
				422F7D1D28CE71E3006D320F /* Resources */,
			);
			buildRules = (
			);
			dependencies = (
				422F7D2128CE71E3006D320F /* PBXTargetDependency */,
			);
			name = iosAppTests;
			productName = iosAppTests;
			productReference = 422F7D1F28CE71E3006D320F /* iosAppTests.xctest */;
			productType = "com.apple.product-type.bundle.unit-test";
		};
		422F7D2828CE71E3006D320F /* iosAppUITests */ = {
			isa = PBXNativeTarget;
			buildConfigurationList = 422F7D3928CE71E3006D320F /* Build configuration list for PBXNativeTarget "iosAppUITests" */;
			buildPhases = (
				422F7D2528CE71E3006D320F /* Sources */,
				422F7D2628CE71E3006D320F /* Frameworks */,
				422F7D2728CE71E3006D320F /* Resources */,
			);
			buildRules = (
			);
			dependencies = (
				422F7D2B28CE71E3006D320F /* PBXTargetDependency */,
			);
			name = iosAppUITests;
			productName = iosAppUITests;
			productReference = 422F7D2928CE71E3006D320F /* iosAppUITests.xctest */;
			productType = "com.apple.product-type.bundle.ui-testing";
		};
/* End PBXNativeTarget section */

/* Begin PBXProject section */
		422F7D0728CE71E1006D320F /* Project object */ = {
			isa = PBXProject;
			attributes = {
				BuildIndependentTargetsInParallel = 1;
				LastSwiftUpdateCheck = 1340;
				LastUpgradeCheck = 1340;
				TargetAttributes = {
					422F7D0E28CE71E1006D320F = {
						CreatedOnToolsVersion = 13.4.1;
					};
					422F7D1E28CE71E3006D320F = {
						CreatedOnToolsVersion = 13.4.1;
						TestTargetID = 422F7D0E28CE71E1006D320F;
					};
					422F7D2828CE71E3006D320F = {
						CreatedOnToolsVersion = 13.4.1;
						TestTargetID = 422F7D0E28CE71E1006D320F;
					};
				};
			};
			buildConfigurationList = 422F7D0A28CE71E1006D320F /* Build configuration list for PBXProject "iosApp" */;
			compatibilityVersion = "Xcode 13.0";
			developmentRegion = en;
			hasScannedForEncodings = 0;
			knownRegions = (
				en,
				Base,
			);
			mainGroup = 422F7D0628CE71E1006D320F;
			productRefGroup = 422F7D1028CE71E1006D320F /* Products */;
			projectDirPath = "";
			projectRoot = "";
			targets = (
				422F7D0E28CE71E1006D320F /* iosApp */,
				422F7D1E28CE71E3006D320F /* iosAppTests */,
				422F7D2828CE71E3006D320F /* iosAppUITests */,
			);
		};
/* End PBXProject section */

/* Begin PBXResourcesBuildPhase section */
		422F7D0D28CE71E1006D320F /* Resources */ = {
			isa = PBXResourcesBuildPhase;
			buildActionMask = 2147483647;
			files = (
				422F7D1A28CE71E3006D320F /* Preview Assets.xcassets in Resources */,
				422F7D1728CE71E3006D320F /* Assets.xcassets in Resources */,
			);
			runOnlyForDeploymentPostprocessing = 0;
		};
		422F7D1D28CE71E3006D320F /* Resources */ = {
			isa = PBXResourcesBuildPhase;
			buildActionMask = 2147483647;
			files = (
			);
			runOnlyForDeploymentPostprocessing = 0;
		};
		422F7D2728CE71E3006D320F /* Resources */ = {
			isa = PBXResourcesBuildPhase;
			buildActionMask = 2147483647;
			files = (
			);
			runOnlyForDeploymentPostprocessing = 0;
		};
/* End PBXResourcesBuildPhase section */

/* Begin PBXShellScriptBuildPhase section */
		5C68AA9907AF83D05BA13B76 /* [CP] Check Pods Manifest.lock */ = {
			isa = PBXShellScriptBuildPhase;
			buildActionMask = 2147483647;
			files = (
			);
			inputFileListPaths = (
			);
			inputPaths = (
				"${PODS_PODFILE_DIR_PATH}/Podfile.lock",
				"${PODS_ROOT}/Manifest.lock",
			);
			name = "[CP] Check Pods Manifest.lock";
			outputFileListPaths = (
			);
			outputPaths = (
				"$(DERIVED_FILE_DIR)/Pods-iosApp-checkManifestLockResult.txt",
			);
			runOnlyForDeploymentPostprocessing = 0;
			shellPath = /bin/sh;
			shellScript = "diff \"${PODS_PODFILE_DIR_PATH}/Podfile.lock\" \"${PODS_ROOT}/Manifest.lock\" > /dev/null\nif [ $? != 0 ] ; then\n    # print error to STDERR\n    echo \"error: The sandbox is not in sync with the Podfile.lock. Run 'pod install' or update your CocoaPods installation.\" >&2\n    exit 1\nfi\n# This output is used by Xcode 'outputs' to avoid re-running this script phase.\necho \"SUCCESS\" > \"${SCRIPT_OUTPUT_FILE_0}\"\n";
			showEnvVarsInLog = 0;
		};
		F4C18727FE35FAFBC9C45C1D /* [CP] Embed Pods Frameworks */ = {
			isa = PBXShellScriptBuildPhase;
			buildActionMask = 2147483647;
			files = (
			);
			inputFileListPaths = (
				"${PODS_ROOT}/Target Support Files/Pods-iosApp/Pods-iosApp-frameworks-${CONFIGURATION}-input-files.xcfilelist",
			);
			name = "[CP] Embed Pods Frameworks";
			outputFileListPaths = (
				"${PODS_ROOT}/Target Support Files/Pods-iosApp/Pods-iosApp-frameworks-${CONFIGURATION}-output-files.xcfilelist",
			);
			runOnlyForDeploymentPostprocessing = 0;
			shellPath = /bin/sh;
			shellScript = "\"${PODS_ROOT}/Target Support Files/Pods-iosApp/Pods-iosApp-frameworks.sh\"\n";
			showEnvVarsInLog = 0;
		};
/* End PBXShellScriptBuildPhase section */

/* Begin PBXSourcesBuildPhase section */
		422F7D0B28CE71E1006D320F /* Sources */ = {
			isa = PBXSourcesBuildPhase;
			buildActionMask = 2147483647;
			files = (
				4203D13728FA865C00CC86FD /* EpisodesListView.swift in Sources */,
				420C665628F54AB300F395B5 /* FirstAppearModifier.swift in Sources */,
				422F7D1528CE71E1006D320F /* ContentView.swift in Sources */,
				422F7D4128CE7702006D320F /* ObservableValue.swift in Sources */,
				422F7D4B28CE78CC006D320F /* VisualEffectView.swift in Sources */,
				422F7D1328CE71E1006D320F /* iosAppApp.swift in Sources */,
				422F7D4D28CE7932006D320F /* CharactersView.swift in Sources */,
				420C665428F54A7600F395B5 /* LazyView.swift in Sources */,
				422F7D3F28CE76EC006D320F /* MutableStateBuilder.swift in Sources */,
				422F7D3D28CE76BF006D320F /* BlocHolder.swift in Sources */,
				4321C71659911DA4DFECBDC9 /* LocationsListView.swift in Sources */,
			);
			runOnlyForDeploymentPostprocessing = 0;
		};
		422F7D1B28CE71E3006D320F /* Sources */ = {
			isa = PBXSourcesBuildPhase;
			buildActionMask = 2147483647;
			files = (
				422F7D2428CE71E3006D320F /* iosAppTests.swift in Sources */,
			);
			runOnlyForDeploymentPostprocessing = 0;
		};
		422F7D2528CE71E3006D320F /* Sources */ = {
			isa = PBXSourcesBuildPhase;
			buildActionMask = 2147483647;
			files = (
				422F7D3028CE71E3006D320F /* iosAppUITestsLaunchTests.swift in Sources */,
				422F7D2E28CE71E3006D320F /* iosAppUITests.swift in Sources */,
			);
			runOnlyForDeploymentPostprocessing = 0;
		};
/* End PBXSourcesBuildPhase section */

/* Begin PBXTargetDependency section */
		422F7D2128CE71E3006D320F /* PBXTargetDependency */ = {
			isa = PBXTargetDependency;
			target = 422F7D0E28CE71E1006D320F /* iosApp */;
			targetProxy = 422F7D2028CE71E3006D320F /* PBXContainerItemProxy */;
		};
		422F7D2B28CE71E3006D320F /* PBXTargetDependency */ = {
			isa = PBXTargetDependency;
			target = 422F7D0E28CE71E1006D320F /* iosApp */;
			targetProxy = 422F7D2A28CE71E3006D320F /* PBXContainerItemProxy */;
		};
/* End PBXTargetDependency section */

/* Begin XCBuildConfiguration section */
		422F7D3128CE71E3006D320F /* Debug */ = {
			isa = XCBuildConfiguration;
			buildSettings = {
				ALWAYS_SEARCH_USER_PATHS = NO;
				CLANG_ANALYZER_NONNULL = YES;
				CLANG_ANALYZER_NUMBER_OBJECT_CONVERSION = YES_AGGRESSIVE;
				CLANG_CXX_LANGUAGE_STANDARD = "gnu++17";
				CLANG_ENABLE_MODULES = YES;
				CLANG_ENABLE_OBJC_ARC = YES;
				CLANG_ENABLE_OBJC_WEAK = YES;
				CLANG_WARN_BLOCK_CAPTURE_AUTORELEASING = YES;
				CLANG_WARN_BOOL_CONVERSION = YES;
				CLANG_WARN_COMMA = YES;
				CLANG_WARN_CONSTANT_CONVERSION = YES;
				CLANG_WARN_DEPRECATED_OBJC_IMPLEMENTATIONS = YES;
				CLANG_WARN_DIRECT_OBJC_ISA_USAGE = YES_ERROR;
				CLANG_WARN_DOCUMENTATION_COMMENTS = YES;
				CLANG_WARN_EMPTY_BODY = YES;
				CLANG_WARN_ENUM_CONVERSION = YES;
				CLANG_WARN_INFINITE_RECURSION = YES;
				CLANG_WARN_INT_CONVERSION = YES;
				CLANG_WARN_NON_LITERAL_NULL_CONVERSION = YES;
				CLANG_WARN_OBJC_IMPLICIT_RETAIN_SELF = YES;
				CLANG_WARN_OBJC_LITERAL_CONVERSION = YES;
				CLANG_WARN_OBJC_ROOT_CLASS = YES_ERROR;
				CLANG_WARN_QUOTED_INCLUDE_IN_FRAMEWORK_HEADER = YES;
				CLANG_WARN_RANGE_LOOP_ANALYSIS = YES;
				CLANG_WARN_STRICT_PROTOTYPES = YES;
				CLANG_WARN_SUSPICIOUS_MOVE = YES;
				CLANG_WARN_UNGUARDED_AVAILABILITY = YES_AGGRESSIVE;
				CLANG_WARN_UNREACHABLE_CODE = YES;
				CLANG_WARN__DUPLICATE_METHOD_MATCH = YES;
				COPY_PHASE_STRIP = NO;
				DEBUG_INFORMATION_FORMAT = dwarf;
				ENABLE_STRICT_OBJC_MSGSEND = YES;
				ENABLE_TESTABILITY = YES;
				GCC_C_LANGUAGE_STANDARD = gnu11;
				GCC_DYNAMIC_NO_PIC = NO;
				GCC_NO_COMMON_BLOCKS = YES;
				GCC_OPTIMIZATION_LEVEL = 0;
				GCC_PREPROCESSOR_DEFINITIONS = (
					"DEBUG=1",
					"$(inherited)",
				);
				GCC_WARN_64_TO_32_BIT_CONVERSION = YES;
				GCC_WARN_ABOUT_RETURN_TYPE = YES_ERROR;
				GCC_WARN_UNDECLARED_SELECTOR = YES;
				GCC_WARN_UNINITIALIZED_AUTOS = YES_AGGRESSIVE;
				GCC_WARN_UNUSED_FUNCTION = YES;
				GCC_WARN_UNUSED_VARIABLE = YES;
				IPHONEOS_DEPLOYMENT_TARGET = 15.5;
				MTL_ENABLE_DEBUG_INFO = INCLUDE_SOURCE;
				MTL_FAST_MATH = YES;
				ONLY_ACTIVE_ARCH = YES;
				SDKROOT = iphoneos;
				SWIFT_ACTIVE_COMPILATION_CONDITIONS = DEBUG;
				SWIFT_OPTIMIZATION_LEVEL = "-Onone";
			};
			name = Debug;
		};
		422F7D3228CE71E3006D320F /* Release */ = {
			isa = XCBuildConfiguration;
			buildSettings = {
				ALWAYS_SEARCH_USER_PATHS = NO;
				CLANG_ANALYZER_NONNULL = YES;
				CLANG_ANALYZER_NUMBER_OBJECT_CONVERSION = YES_AGGRESSIVE;
				CLANG_CXX_LANGUAGE_STANDARD = "gnu++17";
				CLANG_ENABLE_MODULES = YES;
				CLANG_ENABLE_OBJC_ARC = YES;
				CLANG_ENABLE_OBJC_WEAK = YES;
				CLANG_WARN_BLOCK_CAPTURE_AUTORELEASING = YES;
				CLANG_WARN_BOOL_CONVERSION = YES;
				CLANG_WARN_COMMA = YES;
				CLANG_WARN_CONSTANT_CONVERSION = YES;
				CLANG_WARN_DEPRECATED_OBJC_IMPLEMENTATIONS = YES;
				CLANG_WARN_DIRECT_OBJC_ISA_USAGE = YES_ERROR;
				CLANG_WARN_DOCUMENTATION_COMMENTS = YES;
				CLANG_WARN_EMPTY_BODY = YES;
				CLANG_WARN_ENUM_CONVERSION = YES;
				CLANG_WARN_INFINITE_RECURSION = YES;
				CLANG_WARN_INT_CONVERSION = YES;
				CLANG_WARN_NON_LITERAL_NULL_CONVERSION = YES;
				CLANG_WARN_OBJC_IMPLICIT_RETAIN_SELF = YES;
				CLANG_WARN_OBJC_LITERAL_CONVERSION = YES;
				CLANG_WARN_OBJC_ROOT_CLASS = YES_ERROR;
				CLANG_WARN_QUOTED_INCLUDE_IN_FRAMEWORK_HEADER = YES;
				CLANG_WARN_RANGE_LOOP_ANALYSIS = YES;
				CLANG_WARN_STRICT_PROTOTYPES = YES;
				CLANG_WARN_SUSPICIOUS_MOVE = YES;
				CLANG_WARN_UNGUARDED_AVAILABILITY = YES_AGGRESSIVE;
				CLANG_WARN_UNREACHABLE_CODE = YES;
				CLANG_WARN__DUPLICATE_METHOD_MATCH = YES;
				COPY_PHASE_STRIP = NO;
				DEBUG_INFORMATION_FORMAT = "dwarf-with-dsym";
				ENABLE_NS_ASSERTIONS = NO;
				ENABLE_STRICT_OBJC_MSGSEND = YES;
				GCC_C_LANGUAGE_STANDARD = gnu11;
				GCC_NO_COMMON_BLOCKS = YES;
				GCC_WARN_64_TO_32_BIT_CONVERSION = YES;
				GCC_WARN_ABOUT_RETURN_TYPE = YES_ERROR;
				GCC_WARN_UNDECLARED_SELECTOR = YES;
				GCC_WARN_UNINITIALIZED_AUTOS = YES_AGGRESSIVE;
				GCC_WARN_UNUSED_FUNCTION = YES;
				GCC_WARN_UNUSED_VARIABLE = YES;
				IPHONEOS_DEPLOYMENT_TARGET = 15.5;
				MTL_ENABLE_DEBUG_INFO = NO;
				MTL_FAST_MATH = YES;
				SDKROOT = iphoneos;
				SWIFT_COMPILATION_MODE = wholemodule;
				SWIFT_OPTIMIZATION_LEVEL = "-O";
				VALIDATE_PRODUCT = YES;
			};
			name = Release;
		};
		422F7D3428CE71E3006D320F /* Debug */ = {
			isa = XCBuildConfiguration;
			baseConfigurationReference = D1575ACFAC2F2E3A8A3DE2E5 /* Pods-iosApp.debug.xcconfig */;
			buildSettings = {
				ASSETCATALOG_COMPILER_APPICON_NAME = AppIcon;
				ASSETCATALOG_COMPILER_GLOBAL_ACCENT_COLOR_NAME = AccentColor;
				CODE_SIGN_STYLE = Automatic;
				CURRENT_PROJECT_VERSION = 1;
				DEVELOPMENT_ASSET_PATHS = "\"iosApp/Preview Content\"";
				DEVELOPMENT_TEAM = R358GFLTMU;
				ENABLE_PREVIEWS = YES;
				GENERATE_INFOPLIST_FILE = YES;
				INFOPLIST_KEY_UIApplicationSceneManifest_Generation = YES;
				INFOPLIST_KEY_UIApplicationSupportsIndirectInputEvents = YES;
				INFOPLIST_KEY_UILaunchScreen_Generation = YES;
				INFOPLIST_KEY_UISupportedInterfaceOrientations_iPad = "UIInterfaceOrientationPortrait UIInterfaceOrientationPortraitUpsideDown UIInterfaceOrientationLandscapeLeft UIInterfaceOrientationLandscapeRight";
				INFOPLIST_KEY_UISupportedInterfaceOrientations_iPhone = "UIInterfaceOrientationPortrait UIInterfaceOrientationLandscapeLeft UIInterfaceOrientationLandscapeRight";
				IPHONEOS_DEPLOYMENT_TARGET = 16.0;
				LD_RUNPATH_SEARCH_PATHS = (
					"$(inherited)",
					"@executable_path/Frameworks",
				);
				MARKETING_VERSION = 1.0;
				PRODUCT_BUNDLE_IDENTIFIER = com.plusmobileapps.rickandmorty.iosApp;
				PRODUCT_NAME = "Rick & Morty";
				SWIFT_EMIT_LOC_STRINGS = YES;
				SWIFT_VERSION = 5.0;
				TARGETED_DEVICE_FAMILY = "1,2";
			};
			name = Debug;
		};
		422F7D3528CE71E3006D320F /* Release */ = {
			isa = XCBuildConfiguration;
			baseConfigurationReference = 9B6974DB148C2586423C47BB /* Pods-iosApp.release.xcconfig */;
			buildSettings = {
				ASSETCATALOG_COMPILER_APPICON_NAME = AppIcon;
				ASSETCATALOG_COMPILER_GLOBAL_ACCENT_COLOR_NAME = AccentColor;
				CODE_SIGN_STYLE = Automatic;
				CURRENT_PROJECT_VERSION = 1;
				DEVELOPMENT_ASSET_PATHS = "\"iosApp/Preview Content\"";
				DEVELOPMENT_TEAM = R358GFLTMU;
				ENABLE_PREVIEWS = YES;
				GENERATE_INFOPLIST_FILE = YES;
				INFOPLIST_KEY_UIApplicationSceneManifest_Generation = YES;
				INFOPLIST_KEY_UIApplicationSupportsIndirectInputEvents = YES;
				INFOPLIST_KEY_UILaunchScreen_Generation = YES;
				INFOPLIST_KEY_UISupportedInterfaceOrientations_iPad = "UIInterfaceOrientationPortrait UIInterfaceOrientationPortraitUpsideDown UIInterfaceOrientationLandscapeLeft UIInterfaceOrientationLandscapeRight";
				INFOPLIST_KEY_UISupportedInterfaceOrientations_iPhone = "UIInterfaceOrientationPortrait UIInterfaceOrientationLandscapeLeft UIInterfaceOrientationLandscapeRight";
				IPHONEOS_DEPLOYMENT_TARGET = 16.0;
				LD_RUNPATH_SEARCH_PATHS = (
					"$(inherited)",
					"@executable_path/Frameworks",
				);
				MARKETING_VERSION = 1.0;
				PRODUCT_BUNDLE_IDENTIFIER = com.plusmobileapps.rickandmorty.iosApp;
				PRODUCT_NAME = "Rick & Morty";
				SWIFT_EMIT_LOC_STRINGS = YES;
				SWIFT_VERSION = 5.0;
				TARGETED_DEVICE_FAMILY = "1,2";
			};
			name = Release;
		};
		422F7D3728CE71E3006D320F /* Debug */ = {
			isa = XCBuildConfiguration;
			buildSettings = {
				ALWAYS_EMBED_SWIFT_STANDARD_LIBRARIES = YES;
				BUNDLE_LOADER = "$(TEST_HOST)";
				CODE_SIGN_STYLE = Automatic;
				CURRENT_PROJECT_VERSION = 1;
				DEVELOPMENT_TEAM = R358GFLTMU;
				GENERATE_INFOPLIST_FILE = YES;
				IPHONEOS_DEPLOYMENT_TARGET = 15.5;
				MARKETING_VERSION = 1.0;
				PRODUCT_BUNDLE_IDENTIFIER = com.plusmobileapps.rickandmorty.iosAppTests;
				PRODUCT_NAME = "$(TARGET_NAME)";
				SWIFT_EMIT_LOC_STRINGS = NO;
				SWIFT_VERSION = 5.0;
				TARGETED_DEVICE_FAMILY = "1,2";
				TEST_HOST = "$(BUILT_PRODUCTS_DIR)/iosApp.app/iosApp";
			};
			name = Debug;
		};
		422F7D3828CE71E3006D320F /* Release */ = {
			isa = XCBuildConfiguration;
			buildSettings = {
				ALWAYS_EMBED_SWIFT_STANDARD_LIBRARIES = YES;
				BUNDLE_LOADER = "$(TEST_HOST)";
				CODE_SIGN_STYLE = Automatic;
				CURRENT_PROJECT_VERSION = 1;
				DEVELOPMENT_TEAM = R358GFLTMU;
				GENERATE_INFOPLIST_FILE = YES;
				IPHONEOS_DEPLOYMENT_TARGET = 15.5;
				MARKETING_VERSION = 1.0;
				PRODUCT_BUNDLE_IDENTIFIER = com.plusmobileapps.rickandmorty.iosAppTests;
				PRODUCT_NAME = "$(TARGET_NAME)";
				SWIFT_EMIT_LOC_STRINGS = NO;
				SWIFT_VERSION = 5.0;
				TARGETED_DEVICE_FAMILY = "1,2";
				TEST_HOST = "$(BUILT_PRODUCTS_DIR)/iosApp.app/iosApp";
			};
			name = Release;
		};
		422F7D3A28CE71E3006D320F /* Debug */ = {
			isa = XCBuildConfiguration;
			buildSettings = {
				ALWAYS_EMBED_SWIFT_STANDARD_LIBRARIES = YES;
				CODE_SIGN_STYLE = Automatic;
				CURRENT_PROJECT_VERSION = 1;
				DEVELOPMENT_TEAM = R358GFLTMU;
				GENERATE_INFOPLIST_FILE = YES;
				MARKETING_VERSION = 1.0;
				PRODUCT_BUNDLE_IDENTIFIER = com.plusmobileapps.rickandmorty.iosAppUITests;
				PRODUCT_NAME = "$(TARGET_NAME)";
				SWIFT_EMIT_LOC_STRINGS = NO;
				SWIFT_VERSION = 5.0;
				TARGETED_DEVICE_FAMILY = "1,2";
				TEST_TARGET_NAME = iosApp;
			};
			name = Debug;
		};
		422F7D3B28CE71E3006D320F /* Release */ = {
			isa = XCBuildConfiguration;
			buildSettings = {
				ALWAYS_EMBED_SWIFT_STANDARD_LIBRARIES = YES;
				CODE_SIGN_STYLE = Automatic;
				CURRENT_PROJECT_VERSION = 1;
				DEVELOPMENT_TEAM = R358GFLTMU;
				GENERATE_INFOPLIST_FILE = YES;
				MARKETING_VERSION = 1.0;
				PRODUCT_BUNDLE_IDENTIFIER = com.plusmobileapps.rickandmorty.iosAppUITests;
				PRODUCT_NAME = "$(TARGET_NAME)";
				SWIFT_EMIT_LOC_STRINGS = NO;
				SWIFT_VERSION = 5.0;
				TARGETED_DEVICE_FAMILY = "1,2";
				TEST_TARGET_NAME = iosApp;
			};
			name = Release;
		};
/* End XCBuildConfiguration section */

/* Begin XCConfigurationList section */
		422F7D0A28CE71E1006D320F /* Build configuration list for PBXProject "iosApp" */ = {
			isa = XCConfigurationList;
			buildConfigurations = (
				422F7D3128CE71E3006D320F /* Debug */,
				422F7D3228CE71E3006D320F /* Release */,
			);
			defaultConfigurationIsVisible = 0;
			defaultConfigurationName = Release;
		};
		422F7D3328CE71E3006D320F /* Build configuration list for PBXNativeTarget "iosApp" */ = {
			isa = XCConfigurationList;
			buildConfigurations = (
				422F7D3428CE71E3006D320F /* Debug */,
				422F7D3528CE71E3006D320F /* Release */,
			);
			defaultConfigurationIsVisible = 0;
			defaultConfigurationName = Release;
		};
		422F7D3628CE71E3006D320F /* Build configuration list for PBXNativeTarget "iosAppTests" */ = {
			isa = XCConfigurationList;
			buildConfigurations = (
				422F7D3728CE71E3006D320F /* Debug */,
				422F7D3828CE71E3006D320F /* Release */,
			);
			defaultConfigurationIsVisible = 0;
			defaultConfigurationName = Release;
		};
		422F7D3928CE71E3006D320F /* Build configuration list for PBXNativeTarget "iosAppUITests" */ = {
			isa = XCConfigurationList;
			buildConfigurations = (
				422F7D3A28CE71E3006D320F /* Debug */,
				422F7D3B28CE71E3006D320F /* Release */,
			);
			defaultConfigurationIsVisible = 0;
			defaultConfigurationName = Release;
		};
/* End XCConfigurationList section */
	};
	rootObject = 422F7D0728CE71E1006D320F /* Project object */;
}
